PODS:
  - AFNetworking (3.2.1):
    - AFNetworking/NSURLSession (= 3.2.1)
    - AFNetworking/Reachability (= 3.2.1)
    - AFNetworking/Security (= 3.2.1)
    - AFNetworking/Serialization (= 3.2.1)
    - AFNetworking/UIKit (= 3.2.1)
  - AFNetworking/NSURLSession (3.2.1):
    - AFNetworking/Reachability
    - AFNetworking/Security
    - AFNetworking/Serialization
  - AFNetworking/Reachability (3.2.1)
  - AFNetworking/Security (3.2.1)
  - AFNetworking/Serialization (3.2.1)
  - AFNetworking/UIKit (3.2.1):
    - AFNetworking/NSURLSession
  - HappyDNS (0.3.15)
  - Masonry (1.1.0)
  - MBProgressHUD (1.1.0)
  - MJRefresh (3.2.0)
  - PLPlayerKit (3.4.2):
    - PLPlayerKit/universal (= 3.4.2)
  - PLPlayerKit/universal (3.4.2)
  - PLShortVideoKit (2.1.0):
    - PLShortVideoKit/ex-libMuseProcessor (= 2.1.0)
    - PLShortVideoKit/libMuseProcessor (= 2.1.0)
    - Qiniu (= 7.2.5)
  - PLShortVideoKit/ex-libMuseProcessor (2.1.0):
    - Qiniu (= 7.2.5)
  - PLShortVideoKit/libMuseProcessor (2.1.0):
    - Qiniu (= 7.2.5)
  - Qiniu (7.2.5):
    - HappyDNS (~> 0.3)
  - SDWebImage (5.0.6):
    - SDWebImage/Core (= 5.0.6)
  - SDWebImage/Core (5.0.6)
  - YYKit (1.0.9):
    - YYKit/no-arc (= 1.0.9)
  - YYKit/no-arc (1.0.9)

DEPENDENCIES:
  - AFNetworking
  - Masonry
  - MBProgressHUD
  - MJRefresh
  - PLPlayerKit (from `https://raw.githubusercontent.com/pili-engineering/PLPlayerKit/master/PLPlayerKit-Universal.podspec`)
  - PLShortVideoKit
  - SDWebImage
  - YYKit

SPEC REPOS:
  https://github.com/cocoapods/specs.git:
    - AFNetworking
    - HappyDNS
    - Masonry
    - MBProgressHUD
    - MJRefresh
    - PLShortVideoKit
    - Qiniu
    - SDWebImage
    - YYKit

EXTERNAL SOURCES:
  PLPlayerKit:
    :podspec: https://raw.githubusercontent.com/pili-engineering/PLPlayerKit/master/PLPlayerKit-Universal.podspec

SPEC CHECKSUMS:
  AFNetworking: b6f891fdfaed196b46c7a83cf209e09697b94057
  HappyDNS: 00c15e651a347206e58a20503a32a5564589b56a
  Masonry: 678fab65091a9290e40e2832a55e7ab731aad201
  MBProgressHUD: e7baa36a220447d8aeb12769bf0585582f3866d9
  MJRefresh: ed450d6eb9d3346a2cb033ab7eb6de090aeef437
  PLPlayerKit: 506d81f3b0cc39a7c732a8c22dda493819248389
  PLShortVideoKit: 03a936d7d23d5c437aad4dee93d57f7a554aeb48
  Qiniu: 909b408ee489ea54827e9717be90b94bc9dfbc48
  SDWebImage: 920f1a2ff1ca8296ad34f6e0510a1ef1d70ac965
  YYKit: 7cda43304a8dc3696c449041e2cb3107b4e236e7

PODFILE CHECKSUM: 36c0933e1a4f35132c128783987530523fc1c5be

COCOAPODS: 1.7.0.beta.3
