// !$*UTF8*$!
{
	archiveVersion = 1;
	classes = {
	};
	objectVersion = 51;
	objects = {

/* Begin PBXBuildFile section */
		310FB9231512633038ACFA73 /* libPods-RYVideoDisplay.a in Frameworks */ = {isa = PBXBuildFile; fileRef = A19E541C6DD87181DE6E06CC /* libPods-RYVideoDisplay.a */; };
		5512235822D2DFB600389AC1 /* RYStartPlayImageView.m in Sources */ = {isa = PBXBuildFile; fileRef = 5512235722D2DFB600389AC1 /* RYStartPlayImageView.m */; };
		5512235B22D2E21000389AC1 /* RYHeartImageView.m in Sources */ = {isa = PBXBuildFile; fileRef = 5512235A22D2E21000389AC1 /* RYHeartImageView.m */; };
		5512235E22D2E5F300389AC1 /* RYLoadingLineLayer.m in Sources */ = {isa = PBXBuildFile; fileRef = 5512235D22D2E5F300389AC1 /* RYLoadingLineLayer.m */; };
		551B557122C0B380000836BF /* RYVideoDisplayTableViewCell.m in Sources */ = {isa = PBXBuildFile; fileRef = 551B556C22C0B380000836BF /* RYVideoDisplayTableViewCell.m */; };
		551B557222C0B380000836BF /* RYVideoDisplayModel.m in Sources */ = {isa = PBXBuildFile; fileRef = 551B556D22C0B380000836BF /* RYVideoDisplayModel.m */; };
		551B557322C0B380000836BF /* RYVideoDisplayViewController.m in Sources */ = {isa = PBXBuildFile; fileRef = 551B556F22C0B380000836BF /* RYVideoDisplayViewController.m */; };
		5555EA0D22D48D9100FAB3A3 /* UIButton+XKEnlargeHitArea.m in Sources */ = {isa = PBXBuildFile; fileRef = 5555EA0C22D48D9100FAB3A3 /* UIButton+XKEnlargeHitArea.m */; };
		55770D7D22D2ECAF008281B8 /* VDFlashLabel.m in Sources */ = {isa = PBXBuildFile; fileRef = 55770D7A22D2ECAF008281B8 /* VDFlashLabel.m */; };
		55770D7E22D2ECAF008281B8 /* NSTimer+VDAdd.m in Sources */ = {isa = PBXBuildFile; fileRef = 55770D7B22D2ECAF008281B8 /* NSTimer+VDAdd.m */; };
		55770D7F22D2ECAF008281B8 /* UIView+VDFrame.m in Sources */ = {isa = PBXBuildFile; fileRef = 55770D7C22D2ECAF008281B8 /* UIView+VDFrame.m */; };
		55770D8322D2ED0C008281B8 /* XKMusicAnimationPlayView.m in Sources */ = {isa = PBXBuildFile; fileRef = 55770D8122D2ED0C008281B8 /* XKMusicAnimationPlayView.m */; };
		55B9217722C09B4A0017EFF5 /* AppDelegate.m in Sources */ = {isa = PBXBuildFile; fileRef = 55B9217622C09B4A0017EFF5 /* AppDelegate.m */; };
		55B9217A22C09B4A0017EFF5 /* ViewController.m in Sources */ = {isa = PBXBuildFile; fileRef = 55B9217922C09B4A0017EFF5 /* ViewController.m */; };
		55B9217D22C09B4A0017EFF5 /* Main.storyboard in Resources */ = {isa = PBXBuildFile; fileRef = 55B9217B22C09B4A0017EFF5 /* Main.storyboard */; };
		55B9217F22C09B4A0017EFF5 /* Assets.xcassets in Resources */ = {isa = PBXBuildFile; fileRef = 55B9217E22C09B4A0017EFF5 /* Assets.xcassets */; };
		55B9218222C09B4A0017EFF5 /* LaunchScreen.storyboard in Resources */ = {isa = PBXBuildFile; fileRef = 55B9218022C09B4A0017EFF5 /* LaunchScreen.storyboard */; };
		55B9218522C09B4A0017EFF5 /* main.m in Sources */ = {isa = PBXBuildFile; fileRef = 55B9218422C09B4A0017EFF5 /* main.m */; };
/* End PBXBuildFile section */

/* Begin PBXFileReference section */
		5512235622D2DFB600389AC1 /* RYStartPlayImageView.h */ = {isa = PBXFileReference; lastKnownFileType = sourcecode.c.h; path = RYStartPlayImageView.h; sourceTree = "<group>"; };
		5512235722D2DFB600389AC1 /* RYStartPlayImageView.m */ = {isa = PBXFileReference; lastKnownFileType = sourcecode.c.objc; path = RYStartPlayImageView.m; sourceTree = "<group>"; };
		5512235922D2E21000389AC1 /* RYHeartImageView.h */ = {isa = PBXFileReference; lastKnownFileType = sourcecode.c.h; path = RYHeartImageView.h; sourceTree = "<group>"; };
		5512235A22D2E21000389AC1 /* RYHeartImageView.m */ = {isa = PBXFileReference; lastKnownFileType = sourcecode.c.objc; path = RYHeartImageView.m; sourceTree = "<group>"; };
		5512235C22D2E5F300389AC1 /* RYLoadingLineLayer.h */ = {isa = PBXFileReference; lastKnownFileType = sourcecode.c.h; path = RYLoadingLineLayer.h; sourceTree = "<group>"; };
		5512235D22D2E5F300389AC1 /* RYLoadingLineLayer.m */ = {isa = PBXFileReference; lastKnownFileType = sourcecode.c.objc; path = RYLoadingLineLayer.m; sourceTree = "<group>"; };
		5512236022D2E79800389AC1 /* RYVideoDisply-prefix.pch */ = {isa = PBXFileReference; lastKnownFileType = sourcecode.c.h; path = "RYVideoDisply-prefix.pch"; sourceTree = "<group>"; };
		551B556B22C0B380000836BF /* RYVideoDisplayViewController.h */ = {isa = PBXFileReference; fileEncoding = 4; lastKnownFileType = sourcecode.c.h; path = RYVideoDisplayViewController.h; sourceTree = "<group>"; };
		551B556C22C0B380000836BF /* RYVideoDisplayTableViewCell.m */ = {isa = PBXFileReference; fileEncoding = 4; lastKnownFileType = sourcecode.c.objc; path = RYVideoDisplayTableViewCell.m; sourceTree = "<group>"; };
		551B556D22C0B380000836BF /* RYVideoDisplayModel.m */ = {isa = PBXFileReference; fileEncoding = 4; lastKnownFileType = sourcecode.c.objc; path = RYVideoDisplayModel.m; sourceTree = "<group>"; };
		551B556E22C0B380000836BF /* RYVideoDisplayTableViewCell.h */ = {isa = PBXFileReference; fileEncoding = 4; lastKnownFileType = sourcecode.c.h; path = RYVideoDisplayTableViewCell.h; sourceTree = "<group>"; };
		551B556F22C0B380000836BF /* RYVideoDisplayViewController.m */ = {isa = PBXFileReference; fileEncoding = 4; lastKnownFileType = sourcecode.c.objc; path = RYVideoDisplayViewController.m; sourceTree = "<group>"; };
		551B557022C0B380000836BF /* RYVideoDisplayModel.h */ = {isa = PBXFileReference; fileEncoding = 4; lastKnownFileType = sourcecode.c.h; path = RYVideoDisplayModel.h; sourceTree = "<group>"; };
		5555EA0B22D48D9100FAB3A3 /* UIButton+XKEnlargeHitArea.h */ = {isa = PBXFileReference; fileEncoding = 4; lastKnownFileType = sourcecode.c.h; path = "UIButton+XKEnlargeHitArea.h"; sourceTree = "<group>"; };
		5555EA0C22D48D9100FAB3A3 /* UIButton+XKEnlargeHitArea.m */ = {isa = PBXFileReference; fileEncoding = 4; lastKnownFileType = sourcecode.c.objc; path = "UIButton+XKEnlargeHitArea.m"; sourceTree = "<group>"; };
		55770D7722D2ECAF008281B8 /* NSTimer+VDAdd.h */ = {isa = PBXFileReference; fileEncoding = 4; lastKnownFileType = sourcecode.c.h; path = "NSTimer+VDAdd.h"; sourceTree = "<group>"; };
		55770D7822D2ECAF008281B8 /* VDFlashLabel.h */ = {isa = PBXFileReference; fileEncoding = 4; lastKnownFileType = sourcecode.c.h; path = VDFlashLabel.h; sourceTree = "<group>"; };
		55770D7922D2ECAF008281B8 /* UIView+VDFrame.h */ = {isa = PBXFileReference; fileEncoding = 4; lastKnownFileType = sourcecode.c.h; path = "UIView+VDFrame.h"; sourceTree = "<group>"; };
		55770D7A22D2ECAF008281B8 /* VDFlashLabel.m */ = {isa = PBXFileReference; fileEncoding = 4; lastKnownFileType = sourcecode.c.objc; path = VDFlashLabel.m; sourceTree = "<group>"; };
		55770D7B22D2ECAF008281B8 /* NSTimer+VDAdd.m */ = {isa = PBXFileReference; fileEncoding = 4; lastKnownFileType = sourcecode.c.objc; path = "NSTimer+VDAdd.m"; sourceTree = "<group>"; };
		55770D7C22D2ECAF008281B8 /* UIView+VDFrame.m */ = {isa = PBXFileReference; fileEncoding = 4; lastKnownFileType = sourcecode.c.objc; path = "UIView+VDFrame.m"; sourceTree = "<group>"; };
		55770D8122D2ED0C008281B8 /* XKMusicAnimationPlayView.m */ = {isa = PBXFileReference; fileEncoding = 4; lastKnownFileType = sourcecode.c.objc; path = XKMusicAnimationPlayView.m; sourceTree = "<group>"; };
		55770D8222D2ED0C008281B8 /* XKMusicAnimationPlayView.h */ = {isa = PBXFileReference; fileEncoding = 4; lastKnownFileType = sourcecode.c.h; path = XKMusicAnimationPlayView.h; sourceTree = "<group>"; };
		55B9217222C09B4A0017EFF5 /* RYVideoDisplay.app */ = {isa = PBXFileReference; explicitFileType = wrapper.application; includeInIndex = 0; path = RYVideoDisplay.app; sourceTree = BUILT_PRODUCTS_DIR; };
		55B9217522C09B4A0017EFF5 /* AppDelegate.h */ = {isa = PBXFileReference; lastKnownFileType = sourcecode.c.h; path = AppDelegate.h; sourceTree = "<group>"; };
		55B9217622C09B4A0017EFF5 /* AppDelegate.m */ = {isa = PBXFileReference; lastKnownFileType = sourcecode.c.objc; path = AppDelegate.m; sourceTree = "<group>"; };
		55B9217822C09B4A0017EFF5 /* ViewController.h */ = {isa = PBXFileReference; lastKnownFileType = sourcecode.c.h; path = ViewController.h; sourceTree = "<group>"; };
		55B9217922C09B4A0017EFF5 /* ViewController.m */ = {isa = PBXFileReference; lastKnownFileType = sourcecode.c.objc; path = ViewController.m; sourceTree = "<group>"; };
		55B9217C22C09B4A0017EFF5 /* Base */ = {isa = PBXFileReference; lastKnownFileType = file.storyboard; name = Base; path = Base.lproj/Main.storyboard; sourceTree = "<group>"; };
		55B9217E22C09B4A0017EFF5 /* Assets.xcassets */ = {isa = PBXFileReference; lastKnownFileType = folder.assetcatalog; path = Assets.xcassets; sourceTree = "<group>"; };
		55B9218122C09B4A0017EFF5 /* Base */ = {isa = PBXFileReference; lastKnownFileType = file.storyboard; name = Base; path = Base.lproj/LaunchScreen.storyboard; sourceTree = "<group>"; };
		55B9218322C09B4A0017EFF5 /* Info.plist */ = {isa = PBXFileReference; lastKnownFileType = text.plist.xml; path = Info.plist; sourceTree = "<group>"; };
		55B9218422C09B4A0017EFF5 /* main.m */ = {isa = PBXFileReference; lastKnownFileType = sourcecode.c.objc; path = main.m; sourceTree = "<group>"; };
		56945BA5203F3EAD35BEE240 /* Pods-RYVideoDisplay.debug.xcconfig */ = {isa = PBXFileReference; includeInIndex = 1; lastKnownFileType = text.xcconfig; name = "Pods-RYVideoDisplay.debug.xcconfig"; path = "Target Support Files/Pods-RYVideoDisplay/Pods-RYVideoDisplay.debug.xcconfig"; sourceTree = "<group>"; };
		6988CD4F957C7A4062995F6D /* Pods-RYVideoDisplay.release.xcconfig */ = {isa = PBXFileReference; includeInIndex = 1; lastKnownFileType = text.xcconfig; name = "Pods-RYVideoDisplay.release.xcconfig"; path = "Target Support Files/Pods-RYVideoDisplay/Pods-RYVideoDisplay.release.xcconfig"; sourceTree = "<group>"; };
		A19E541C6DD87181DE6E06CC /* libPods-RYVideoDisplay.a */ = {isa = PBXFileReference; explicitFileType = archive.ar; includeInIndex = 0; path = "libPods-RYVideoDisplay.a"; sourceTree = BUILT_PRODUCTS_DIR; };
/* End PBXFileReference section */

/* Begin PBXFrameworksBuildPhase section */
		55B9216F22C09B4A0017EFF5 /* Frameworks */ = {
			isa = PBXFrameworksBuildPhase;
			buildActionMask = 2147483647;
			files = (
				310FB9231512633038ACFA73 /* libPods-RYVideoDisplay.a in Frameworks */,
			);
			runOnlyForDeploymentPostprocessing = 0;
		};
/* End PBXFrameworksBuildPhase section */

/* Begin PBXGroup section */
		2000BB91F7D15EF1331D0916 /* Pods */ = {
			isa = PBXGroup;
			children = (
				56945BA5203F3EAD35BEE240 /* Pods-RYVideoDisplay.debug.xcconfig */,
				6988CD4F957C7A4062995F6D /* Pods-RYVideoDisplay.release.xcconfig */,
			);
			path = Pods;
			sourceTree = "<group>";
		};
		5512235522D2DE6C00389AC1 /* Views */ = {
			isa = PBXGroup;
			children = (
				5555EA0A22D48D7200FAB3A3 /* UIButton+XKEnlargeHitArea */,
				55770D8622D2ED4D008281B8 /* RYLoadingLineLayer */,
				55770D8522D2ED41008281B8 /* RYHeartImageView */,
				55770D8422D2ED35008281B8 /* RYStartPlayImageView */,
				55770D8022D2ED0C008281B8 /* MusicAnimationPlayView */,
				55770D7622D2ECAF008281B8 /* VDFlashLabel */,
			);
			path = Views;
			sourceTree = "<group>";
		};
		5512235F22D2E76500389AC1 /* Support Files */ = {
			isa = PBXGroup;
			children = (
				5512236022D2E79800389AC1 /* RYVideoDisply-prefix.pch */,
			);
			path = "Support Files";
			sourceTree = "<group>";
		};
		551B556A22C0B380000836BF /* VideoDisplay */ = {
			isa = PBXGroup;
			children = (
				5512235522D2DE6C00389AC1 /* Views */,
				551B556B22C0B380000836BF /* RYVideoDisplayViewController.h */,
				551B556F22C0B380000836BF /* RYVideoDisplayViewController.m */,
				551B556E22C0B380000836BF /* RYVideoDisplayTableViewCell.h */,
				551B556C22C0B380000836BF /* RYVideoDisplayTableViewCell.m */,
				551B557022C0B380000836BF /* RYVideoDisplayModel.h */,
				551B556D22C0B380000836BF /* RYVideoDisplayModel.m */,
			);
			path = VideoDisplay;
			sourceTree = "<group>";
		};
		5555EA0A22D48D7200FAB3A3 /* UIButton+XKEnlargeHitArea */ = {
			isa = PBXGroup;
			children = (
				5555EA0B22D48D9100FAB3A3 /* UIButton+XKEnlargeHitArea.h */,
				5555EA0C22D48D9100FAB3A3 /* UIButton+XKEnlargeHitArea.m */,
			);
			path = "UIButton+XKEnlargeHitArea";
			sourceTree = "<group>";
		};
		55770D7622D2ECAF008281B8 /* VDFlashLabel */ = {
			isa = PBXGroup;
			children = (
				55770D7722D2ECAF008281B8 /* NSTimer+VDAdd.h */,
				55770D7B22D2ECAF008281B8 /* NSTimer+VDAdd.m */,
				55770D7922D2ECAF008281B8 /* UIView+VDFrame.h */,
				55770D7C22D2ECAF008281B8 /* UIView+VDFrame.m */,
				55770D7822D2ECAF008281B8 /* VDFlashLabel.h */,
				55770D7A22D2ECAF008281B8 /* VDFlashLabel.m */,
			);
			path = VDFlashLabel;
			sourceTree = "<group>";
		};
		55770D8022D2ED0C008281B8 /* MusicAnimationPlayView */ = {
			isa = PBXGroup;
			children = (
				55770D8222D2ED0C008281B8 /* XKMusicAnimationPlayView.h */,
				55770D8122D2ED0C008281B8 /* XKMusicAnimationPlayView.m */,
			);
			path = MusicAnimationPlayView;
			sourceTree = "<group>";
		};
		55770D8422D2ED35008281B8 /* RYStartPlayImageView */ = {
			isa = PBXGroup;
			children = (
				5512235622D2DFB600389AC1 /* RYStartPlayImageView.h */,
				5512235722D2DFB600389AC1 /* RYStartPlayImageView.m */,
			);
			path = RYStartPlayImageView;
			sourceTree = "<group>";
		};
		55770D8522D2ED41008281B8 /* RYHeartImageView */ = {
			isa = PBXGroup;
			children = (
				5512235922D2E21000389AC1 /* RYHeartImageView.h */,
				5512235A22D2E21000389AC1 /* RYHeartImageView.m */,
			);
			path = RYHeartImageView;
			sourceTree = "<group>";
		};
		55770D8622D2ED4D008281B8 /* RYLoadingLineLayer */ = {
			isa = PBXGroup;
			children = (
				5512235C22D2E5F300389AC1 /* RYLoadingLineLayer.h */,
				5512235D22D2E5F300389AC1 /* RYLoadingLineLayer.m */,
			);
			path = RYLoadingLineLayer;
			sourceTree = "<group>";
		};
		55B9216922C09B4A0017EFF5 = {
			isa = PBXGroup;
			children = (
				55B9217422C09B4A0017EFF5 /* RYVideoDisplay */,
				55B9217322C09B4A0017EFF5 /* Products */,
				2000BB91F7D15EF1331D0916 /* Pods */,
				5951CE41FBE73ED9E675E31F /* Frameworks */,
			);
			sourceTree = "<group>";
		};
		55B9217322C09B4A0017EFF5 /* Products */ = {
			isa = PBXGroup;
			children = (
				55B9217222C09B4A0017EFF5 /* RYVideoDisplay.app */,
			);
			name = Products;
			sourceTree = "<group>";
		};
		55B9217422C09B4A0017EFF5 /* RYVideoDisplay */ = {
			isa = PBXGroup;
			children = (
				5512235F22D2E76500389AC1 /* Support Files */,
				551B556A22C0B380000836BF /* VideoDisplay */,
				55B9217522C09B4A0017EFF5 /* AppDelegate.h */,
				55B9217622C09B4A0017EFF5 /* AppDelegate.m */,
				55B9217822C09B4A0017EFF5 /* ViewController.h */,
				55B9217922C09B4A0017EFF5 /* ViewController.m */,
				55B9217B22C09B4A0017EFF5 /* Main.storyboard */,
				55B9217E22C09B4A0017EFF5 /* Assets.xcassets */,
				55B9218022C09B4A0017EFF5 /* LaunchScreen.storyboard */,
				55B9218322C09B4A0017EFF5 /* Info.plist */,
				55B9218422C09B4A0017EFF5 /* main.m */,
			);
			path = RYVideoDisplay;
			sourceTree = "<group>";
		};
		5951CE41FBE73ED9E675E31F /* Frameworks */ = {
			isa = PBXGroup;
			children = (
				A19E541C6DD87181DE6E06CC /* libPods-RYVideoDisplay.a */,
			);
			name = Frameworks;
			sourceTree = "<group>";
		};
/* End PBXGroup section */

/* Begin PBXNativeTarget section */
		55B9217122C09B4A0017EFF5 /* RYVideoDisplay */ = {
			isa = PBXNativeTarget;
			buildConfigurationList = 55B9218822C09B4A0017EFF5 /* Build configuration list for PBXNativeTarget "RYVideoDisplay" */;
			buildPhases = (
				12117B7BA9BB1B5E52F5C923 /* [CP] Check Pods Manifest.lock */,
				55B9216E22C09B4A0017EFF5 /* Sources */,
				55B9216F22C09B4A0017EFF5 /* Frameworks */,
				55B9217022C09B4A0017EFF5 /* Resources */,
				D4FA2B25B0874167DD936821 /* [CP] Embed Pods Frameworks */,
				1D46F1D66ED0730266A187B3 /* [CP] Copy Pods Resources */,
			);
			buildRules = (
			);
			dependencies = (
			);
			name = RYVideoDisplay;
			productName = RYVideoDisplay;
			productReference = 55B9217222C09B4A0017EFF5 /* RYVideoDisplay.app */;
			productType = "com.apple.product-type.application";
		};
/* End PBXNativeTarget section */

/* Begin PBXProject section */
		55B9216A22C09B4A0017EFF5 /* Project object */ = {
			isa = PBXProject;
			attributes = {
				LastUpgradeCheck = 1020;
				ORGANIZATIONNAME = RyanYuan;
				TargetAttributes = {
					55B9217122C09B4A0017EFF5 = {
						CreatedOnToolsVersion = 10.2;
					};
				};
			};
			buildConfigurationList = 55B9216D22C09B4A0017EFF5 /* Build configuration list for PBXProject "RYVideoDisplay" */;
			compatibilityVersion = "Xcode 9.3";
			developmentRegion = en;
			hasScannedForEncodings = 0;
			knownRegions = (
				en,
				Base,
			);
			mainGroup = 55B9216922C09B4A0017EFF5;
			productRefGroup = 55B9217322C09B4A0017EFF5 /* Products */;
			projectDirPath = "";
			projectRoot = "";
			targets = (
				55B9217122C09B4A0017EFF5 /* RYVideoDisplay */,
			);
		};
/* End PBXProject section */

/* Begin PBXResourcesBuildPhase section */
		55B9217022C09B4A0017EFF5 /* Resources */ = {
			isa = PBXResourcesBuildPhase;
			buildActionMask = 2147483647;
			files = (
				55B9218222C09B4A0017EFF5 /* LaunchScreen.storyboard in Resources */,
				55B9217F22C09B4A0017EFF5 /* Assets.xcassets in Resources */,
				55B9217D22C09B4A0017EFF5 /* Main.storyboard in Resources */,
			);
			runOnlyForDeploymentPostprocessing = 0;
		};
/* End PBXResourcesBuildPhase section */

/* Begin PBXShellScriptBuildPhase section */
		12117B7BA9BB1B5E52F5C923 /* [CP] Check Pods Manifest.lock */ = {
			isa = PBXShellScriptBuildPhase;
			buildActionMask = 2147483647;
			files = (
			);
			inputFileListPaths = (
			);
			inputPaths = (
				"${PODS_PODFILE_DIR_PATH}/Podfile.lock",
				"${PODS_ROOT}/Manifest.lock",
			);
			name = "[CP] Check Pods Manifest.lock";
			outputFileListPaths = (
			);
			outputPaths = (
				"$(DERIVED_FILE_DIR)/Pods-RYVideoDisplay-checkManifestLockResult.txt",
			);
			runOnlyForDeploymentPostprocessing = 0;
			shellPath = /bin/sh;
			shellScript = "diff \"${PODS_PODFILE_DIR_PATH}/Podfile.lock\" \"${PODS_ROOT}/Manifest.lock\" > /dev/null\nif [ $? != 0 ] ; then\n    # print error to STDERR\n    echo \"error: The sandbox is not in sync with the Podfile.lock. Run 'pod install' or update your CocoaPods installation.\" >&2\n    exit 1\nfi\n# This output is used by Xcode 'outputs' to avoid re-running this script phase.\necho \"SUCCESS\" > \"${SCRIPT_OUTPUT_FILE_0}\"\n";
			showEnvVarsInLog = 0;
		};
		1D46F1D66ED0730266A187B3 /* [CP] Copy Pods Resources */ = {
			isa = PBXShellScriptBuildPhase;
			buildActionMask = 2147483647;
			files = (
			);
			inputFileListPaths = (
				"${PODS_ROOT}/Target Support Files/Pods-RYVideoDisplay/Pods-RYVideoDisplay-resources-${CONFIGURATION}-input-files.xcfilelist",
			);
			name = "[CP] Copy Pods Resources";
			outputFileListPaths = (
				"${PODS_ROOT}/Target Support Files/Pods-RYVideoDisplay/Pods-RYVideoDisplay-resources-${CONFIGURATION}-output-files.xcfilelist",
			);
			runOnlyForDeploymentPostprocessing = 0;
			shellPath = /bin/sh;
			shellScript = "\"${PODS_ROOT}/Target Support Files/Pods-RYVideoDisplay/Pods-RYVideoDisplay-resources.sh\"\n";
			showEnvVarsInLog = 0;
		};
		D4FA2B25B0874167DD936821 /* [CP] Embed Pods Frameworks */ = {
			isa = PBXShellScriptBuildPhase;
			buildActionMask = 2147483647;
			files = (
			);
			inputFileListPaths = (
				"${PODS_ROOT}/Target Support Files/Pods-RYVideoDisplay/Pods-RYVideoDisplay-frameworks-${CONFIGURATION}-input-files.xcfilelist",
			);
			name = "[CP] Embed Pods Frameworks";
			outputFileListPaths = (
				"${PODS_ROOT}/Target Support Files/Pods-RYVideoDisplay/Pods-RYVideoDisplay-frameworks-${CONFIGURATION}-output-files.xcfilelist",
			);
			runOnlyForDeploymentPostprocessing = 0;
			shellPath = /bin/sh;
			shellScript = "\"${PODS_ROOT}/Target Support Files/Pods-RYVideoDisplay/Pods-RYVideoDisplay-frameworks.sh\"\n";
			showEnvVarsInLog = 0;
		};
/* End PBXShellScriptBuildPhase section */

/* Begin PBXSourcesBuildPhase section */
		55B9216E22C09B4A0017EFF5 /* Sources */ = {
			isa = PBXSourcesBuildPhase;
			buildActionMask = 2147483647;
			files = (
				5512235E22D2E5F300389AC1 /* RYLoadingLineLayer.m in Sources */,
				55B9217A22C09B4A0017EFF5 /* ViewController.m in Sources */,
				55B9218522C09B4A0017EFF5 /* main.m in Sources */,
				5512235B22D2E21000389AC1 /* RYHeartImageView.m in Sources */,
				55770D7F22D2ECAF008281B8 /* UIView+VDFrame.m in Sources */,
				55B9217722C09B4A0017EFF5 /* AppDelegate.m in Sources */,
				551B557122C0B380000836BF /* RYVideoDisplayTableViewCell.m in Sources */,
				551B557322C0B380000836BF /* RYVideoDisplayViewController.m in Sources */,
				55770D7D22D2ECAF008281B8 /* VDFlashLabel.m in Sources */,
				55770D8322D2ED0C008281B8 /* XKMusicAnimationPlayView.m in Sources */,
				5512235822D2DFB600389AC1 /* RYStartPlayImageView.m in Sources */,
				55770D7E22D2ECAF008281B8 /* NSTimer+VDAdd.m in Sources */,
				5555EA0D22D48D9100FAB3A3 /* UIButton+XKEnlargeHitArea.m in Sources */,
				551B557222C0B380000836BF /* RYVideoDisplayModel.m in Sources */,
			);
			runOnlyForDeploymentPostprocessing = 0;
		};
/* End PBXSourcesBuildPhase section */

/* Begin PBXVariantGroup section */
		55B9217B22C09B4A0017EFF5 /* Main.storyboard */ = {
			isa = PBXVariantGroup;
			children = (
				55B9217C22C09B4A0017EFF5 /* Base */,
			);
			name = Main.storyboard;
			sourceTree = "<group>";
		};
		55B9218022C09B4A0017EFF5 /* LaunchScreen.storyboard */ = {
			isa = PBXVariantGroup;
			children = (
				55B9218122C09B4A0017EFF5 /* Base */,
			);
			name = LaunchScreen.storyboard;
			sourceTree = "<group>";
		};
/* End PBXVariantGroup section */

/* Begin XCBuildConfiguration section */
		55B9218622C09B4A0017EFF5 /* Debug */ = {
			isa = XCBuildConfiguration;
			buildSettings = {
				ALWAYS_SEARCH_USER_PATHS = NO;
				CLANG_ANALYZER_NONNULL = YES;
				CLANG_ANALYZER_NUMBER_OBJECT_CONVERSION = YES_AGGRESSIVE;
				CLANG_CXX_LANGUAGE_STANDARD = "gnu++14";
				CLANG_CXX_LIBRARY = "libc++";
				CLANG_ENABLE_MODULES = YES;
				CLANG_ENABLE_OBJC_ARC = YES;
				CLANG_ENABLE_OBJC_WEAK = YES;
				CLANG_WARN_BLOCK_CAPTURE_AUTORELEASING = YES;
				CLANG_WARN_BOOL_CONVERSION = YES;
				CLANG_WARN_COMMA = YES;
				CLANG_WARN_CONSTANT_CONVERSION = YES;
				CLANG_WARN_DEPRECATED_OBJC_IMPLEMENTATIONS = YES;
				CLANG_WARN_DIRECT_OBJC_ISA_USAGE = YES_ERROR;
				CLANG_WARN_DOCUMENTATION_COMMENTS = YES;
				CLANG_WARN_EMPTY_BODY = YES;
				CLANG_WARN_ENUM_CONVERSION = YES;
				CLANG_WARN_INFINITE_RECURSION = YES;
				CLANG_WARN_INT_CONVERSION = YES;
				CLANG_WARN_NON_LITERAL_NULL_CONVERSION = YES;
				CLANG_WARN_OBJC_IMPLICIT_RETAIN_SELF = YES;
				CLANG_WARN_OBJC_LITERAL_CONVERSION = YES;
				CLANG_WARN_OBJC_ROOT_CLASS = YES_ERROR;
				CLANG_WARN_RANGE_LOOP_ANALYSIS = YES;
				CLANG_WARN_STRICT_PROTOTYPES = YES;
				CLANG_WARN_SUSPICIOUS_MOVE = YES;
				CLANG_WARN_UNGUARDED_AVAILABILITY = YES_AGGRESSIVE;
				CLANG_WARN_UNREACHABLE_CODE = YES;
				CLANG_WARN__DUPLICATE_METHOD_MATCH = YES;
				CODE_SIGN_IDENTITY = "iPhone Developer";
				COPY_PHASE_STRIP = NO;
				DEBUG_INFORMATION_FORMAT = dwarf;
				ENABLE_STRICT_OBJC_MSGSEND = YES;
				ENABLE_TESTABILITY = YES;
				GCC_C_LANGUAGE_STANDARD = gnu11;
				GCC_DYNAMIC_NO_PIC = NO;
				GCC_NO_COMMON_BLOCKS = YES;
				GCC_OPTIMIZATION_LEVEL = 0;
				GCC_PREPROCESSOR_DEFINITIONS = (
					"DEBUG=1",
					"$(inherited)",
				);
				GCC_WARN_64_TO_32_BIT_CONVERSION = YES;
				GCC_WARN_ABOUT_RETURN_TYPE = YES_ERROR;
				GCC_WARN_UNDECLARED_SELECTOR = YES;
				GCC_WARN_UNINITIALIZED_AUTOS = YES_AGGRESSIVE;
				GCC_WARN_UNUSED_FUNCTION = YES;
				GCC_WARN_UNUSED_VARIABLE = YES;
				IPHONEOS_DEPLOYMENT_TARGET = 12.2;
				MTL_ENABLE_DEBUG_INFO = INCLUDE_SOURCE;
				MTL_FAST_MATH = YES;
				ONLY_ACTIVE_ARCH = YES;
				SDKROOT = iphoneos;
			};
			name = Debug;
		};
		55B9218722C09B4A0017EFF5 /* Release */ = {
			isa = XCBuildConfiguration;
			buildSettings = {
				ALWAYS_SEARCH_USER_PATHS = NO;
				CLANG_ANALYZER_NONNULL = YES;
				CLANG_ANALYZER_NUMBER_OBJECT_CONVERSION = YES_AGGRESSIVE;
				CLANG_CXX_LANGUAGE_STANDARD = "gnu++14";
				CLANG_CXX_LIBRARY = "libc++";
				CLANG_ENABLE_MODULES = YES;
				CLANG_ENABLE_OBJC_ARC = YES;
				CLANG_ENABLE_OBJC_WEAK = YES;
				CLANG_WARN_BLOCK_CAPTURE_AUTORELEASING = YES;
				CLANG_WARN_BOOL_CONVERSION = YES;
				CLANG_WARN_COMMA = YES;
				CLANG_WARN_CONSTANT_CONVERSION = YES;
				CLANG_WARN_DEPRECATED_OBJC_IMPLEMENTATIONS = YES;
				CLANG_WARN_DIRECT_OBJC_ISA_USAGE = YES_ERROR;
				CLANG_WARN_DOCUMENTATION_COMMENTS = YES;
				CLANG_WARN_EMPTY_BODY = YES;
				CLANG_WARN_ENUM_CONVERSION = YES;
				CLANG_WARN_INFINITE_RECURSION = YES;
				CLANG_WARN_INT_CONVERSION = YES;
				CLANG_WARN_NON_LITERAL_NULL_CONVERSION = YES;
				CLANG_WARN_OBJC_IMPLICIT_RETAIN_SELF = YES;
				CLANG_WARN_OBJC_LITERAL_CONVERSION = YES;
				CLANG_WARN_OBJC_ROOT_CLASS = YES_ERROR;
				CLANG_WARN_RANGE_LOOP_ANALYSIS = YES;
				CLANG_WARN_STRICT_PROTOTYPES = YES;
				CLANG_WARN_SUSPICIOUS_MOVE = YES;
				CLANG_WARN_UNGUARDED_AVAILABILITY = YES_AGGRESSIVE;
				CLANG_WARN_UNREACHABLE_CODE = YES;
				CLANG_WARN__DUPLICATE_METHOD_MATCH = YES;
				CODE_SIGN_IDENTITY = "iPhone Developer";
				COPY_PHASE_STRIP = NO;
				DEBUG_INFORMATION_FORMAT = "dwarf-with-dsym";
				ENABLE_NS_ASSERTIONS = NO;
				ENABLE_STRICT_OBJC_MSGSEND = YES;
				GCC_C_LANGUAGE_STANDARD = gnu11;
				GCC_NO_COMMON_BLOCKS = YES;
				GCC_WARN_64_TO_32_BIT_CONVERSION = YES;
				GCC_WARN_ABOUT_RETURN_TYPE = YES_ERROR;
				GCC_WARN_UNDECLARED_SELECTOR = YES;
				GCC_WARN_UNINITIALIZED_AUTOS = YES_AGGRESSIVE;
				GCC_WARN_UNUSED_FUNCTION = YES;
				GCC_WARN_UNUSED_VARIABLE = YES;
				IPHONEOS_DEPLOYMENT_TARGET = 12.2;
				MTL_ENABLE_DEBUG_INFO = NO;
				MTL_FAST_MATH = YES;
				SDKROOT = iphoneos;
				VALIDATE_PRODUCT = YES;
			};
			name = Release;
		};
		55B9218922C09B4A0017EFF5 /* Debug */ = {
			isa = XCBuildConfiguration;
			baseConfigurationReference = 56945BA5203F3EAD35BEE240 /* Pods-RYVideoDisplay.debug.xcconfig */;
			buildSettings = {
				ASSETCATALOG_COMPILER_APPICON_NAME = AppIcon;
				CODE_SIGN_STYLE = Automatic;
				DEVELOPMENT_TEAM = 97634262UU;
				GCC_PREFIX_HEADER = "$(SRCROOT)/RYVideoDisplay/Support Files/RYVideoDisply-prefix.pch";
				INFOPLIST_FILE = RYVideoDisplay/Info.plist;
				LD_RUNPATH_SEARCH_PATHS = (
					"$(inherited)",
					"@executable_path/Frameworks",
				);
				PRODUCT_BUNDLE_IDENTIFIER = RyanYuan.RYVideoDisplay;
				PRODUCT_NAME = "$(TARGET_NAME)";
				TARGETED_DEVICE_FAMILY = "1,2";
			};
			name = Debug;
		};
		55B9218A22C09B4A0017EFF5 /* Release */ = {
			isa = XCBuildConfiguration;
			baseConfigurationReference = 6988CD4F957C7A4062995F6D /* Pods-RYVideoDisplay.release.xcconfig */;
			buildSettings = {
				ASSETCATALOG_COMPILER_APPICON_NAME = AppIcon;
				CODE_SIGN_STYLE = Automatic;
				DEVELOPMENT_TEAM = 97634262UU;
				GCC_PREFIX_HEADER = "$(SRCROOT)/RYVideoDisplay/Support Files/RYVideoDisply-prefix.pch";
				INFOPLIST_FILE = RYVideoDisplay/Info.plist;
				LD_RUNPATH_SEARCH_PATHS = (
					"$(inherited)",
					"@executable_path/Frameworks",
				);
				PRODUCT_BUNDLE_IDENTIFIER = RyanYuan.RYVideoDisplay;
				PRODUCT_NAME = "$(TARGET_NAME)";
				TARGETED_DEVICE_FAMILY = "1,2";
			};
			name = Release;
		};
/* End XCBuildConfiguration section */

/* Begin XCConfigurationList section */
		55B9216D22C09B4A0017EFF5 /* Build configuration list for PBXProject "RYVideoDisplay" */ = {
			isa = XCConfigurationList;
			buildConfigurations = (
				55B9218622C09B4A0017EFF5 /* Debug */,
				55B9218722C09B4A0017EFF5 /* Release */,
			);
			defaultConfigurationIsVisible = 0;
			defaultConfigurationName = Release;
		};
		55B9218822C09B4A0017EFF5 /* Build configuration list for PBXNativeTarget "RYVideoDisplay" */ = {
			isa = XCConfigurationList;
			buildConfigurations = (
				55B9218922C09B4A0017EFF5 /* Debug */,
				55B9218A22C09B4A0017EFF5 /* Release */,
			);
			defaultConfigurationIsVisible = 0;
			defaultConfigurationName = Release;
		};
/* End XCConfigurationList section */
	};
	rootObject = 55B9216A22C09B4A0017EFF5 /* Project object */;
}
